
Microsoft Visual Studio Solution File, Format Version 12.00
# Visual Studio Version 17
VisualStudioVersion = 17.3.32929.385
MinimumVisualStudioVersion = 10.0.40219.1
Project("{FAE04EC0-301F-11D3-BF4B-00C04F79EFBC}") = "QaMarsCompetition", "QaMarsCompetition\QaMarsCompetition.csproj", "{7DD19A55-2669-43DC-8A6E-5C19EE366962}"
EndProject
Global
	GlobalSection(SolutionConfigurationPlatforms) = preSolution
		Debug|Any CPU = Debug|Any CPU
		Release|Any CPU = Release|Any CPU
	EndGlobalSection
	GlobalSection(ProjectConfigurationPlatforms) = postSolution
		{7DD19A55-2669-43DC-8A6E-5C19EE366962}.Debug|Any CPU.ActiveCfg = Debug|Any CPU
		{7DD19A55-2669-43DC-8A6E-5C19EE366962}.Debug|Any CPU.Build.0 = Debug|Any CPU
		{7DD19A55-2669-43DC-8A6E-5C19EE366962}.Release|Any CPU.ActiveCfg = Release|Any CPU
		{7DD19A55-2669-43DC-8A6E-5C19EE366962}.Release|Any CPU.Build.0 = Release|Any CPU
	EndGlobalSection
	GlobalSection(SolutionProperties) = preSolution
		HideSolutionNode = FALSE
	EndGlobalSection
	GlobalSection(ExtensibilityGlobals) = postSolution
		SolutionGuid = {DD98068B-3C53-4655-B080-13CDD3F3090A}
	EndGlobalSection
EndGlobal
